
Microsoft Visual Studio Solution File, Format Version 12.00
# Visual Studio Version 17
VisualStudioVersion = 17.9.34723.18
MinimumVisualStudioVersion = 10.0.40219.1
Project("{FAE04EC0-301F-11D3-BF4B-00C04F79EFBC}") = "CapaPresentacionAdmin", "CapaPresentacionAdmin\CapaPresentacionAdmin.csproj", "{1CBFAE5A-1243-4F8A-9D0B-5F4F63ABA81B}"
EndProject
Project("{FAE04EC0-301F-11D3-BF4B-00C04F79EFBC}") = "CapaPresentacionTienda", "CapaPresentacionTienda\CapaPresentacionTienda.csproj", "{3E72ABC4-C6E9-4652-89DE-2EFFA7F96CBD}"
EndProject
Global
	GlobalSection(SolutionConfigurationPlatforms) = preSolution
		Debug|Any CPU = Debug|Any CPU
		Release|Any CPU = Release|Any CPU
	EndGlobalSection
	GlobalSection(ProjectConfigurationPlatforms) = postSolution
		{1CBFAE5A-1243-4F8A-9D0B-5F4F63ABA81B}.Debug|Any CPU.ActiveCfg = Debug|Any CPU
		{1CBFAE5A-1243-4F8A-9D0B-5F4F63ABA81B}.Debug|Any CPU.Build.0 = Debug|Any CPU
		{1CBFAE5A-1243-4F8A-9D0B-5F4F63ABA81B}.Release|Any CPU.ActiveCfg = Release|Any CPU
		{1CBFAE5A-1243-4F8A-9D0B-5F4F63ABA81B}.Release|Any CPU.Build.0 = Release|Any CPU
		{3E72ABC4-C6E9-4652-89DE-2EFFA7F96CBD}.Debug|Any CPU.ActiveCfg = Debug|Any CPU
		{3E72ABC4-C6E9-4652-89DE-2EFFA7F96CBD}.Debug|Any CPU.Build.0 = Debug|Any CPU
		{3E72ABC4-C6E9-4652-89DE-2EFFA7F96CBD}.Release|Any CPU.ActiveCfg = Release|Any CPU
		{3E72ABC4-C6E9-4652-89DE-2EFFA7F96CBD}.Release|Any CPU.Build.0 = Release|Any CPU
	EndGlobalSection
	GlobalSection(SolutionProperties) = preSolution
		HideSolutionNode = FALSE
	EndGlobalSection
	GlobalSection(ExtensibilityGlobals) = postSolution
		SolutionGuid = {58556FAC-45B7-4B18-B002-04DB35FC9020}
	EndGlobalSection
EndGlobal
